
Microsoft Visual Studio Solution File, Format Version 12.00
# Visual Studio Version 16
VisualStudioVersion = 16.0.29020.237
MinimumVisualStudioVersion = 10.0.40219.1
Project("{FAE04EC0-301F-11D3-BF4B-00C04F79EFBC}") = "SearchAPI", "SearchAPI\SearchAPI.csproj", "{48C25543-54D1-421D-8C3A-6DDBF0022879}"
EndProject
Global
	GlobalSection(SolutionConfigurationPlatforms) = preSolution
		Debug|Any CPU = Debug|Any CPU
		Release|Any CPU = Release|Any CPU
	EndGlobalSection
	GlobalSection(ProjectConfigurationPlatforms) = postSolution
		{48C25543-54D1-421D-8C3A-6DDBF0022879}.Debug|Any CPU.ActiveCfg = Debug|Any CPU
		{48C25543-54D1-421D-8C3A-6DDBF0022879}.Debug|Any CPU.Build.0 = Debug|Any CPU
		{48C25543-54D1-421D-8C3A-6DDBF0022879}.Release|Any CPU.ActiveCfg = Release|Any CPU
		{48C25543-54D1-421D-8C3A-6DDBF0022879}.Release|Any CPU.Build.0 = Release|Any CPU
	EndGlobalSection
	GlobalSection(SolutionProperties) = preSolution
		HideSolutionNode = FALSE
	EndGlobalSection
	GlobalSection(ExtensibilityGlobals) = postSolution
		SolutionGuid = {5EF26C17-7A99-48EF-AC7B-2B2829683F4D}
	EndGlobalSection
EndGlobal
